
Microsoft Visual Studio Solution File, Format Version 12.00
# Visual Studio Version 16
VisualStudioVersion = 16.0.34031.81
MinimumVisualStudioVersion = 10.0.40219.1
Project("{FAE04EC0-301F-11D3-BF4B-00C04F79EFBC}") = "Elearning_Platform-.NET-5.0-", "Elearning_Platform-.NET-5.0-.csproj", "{1D8C19EA-52A5-466B-9853-0E69623F1737}"
EndProject
Global
	GlobalSection(SolutionConfigurationPlatforms) = preSolution
		Debug|Any CPU = Debug|Any CPU
		Release|Any CPU = Release|Any CPU
	EndGlobalSection
	GlobalSection(ProjectConfigurationPlatforms) = postSolution
		{1D8C19EA-52A5-466B-9853-0E69623F1737}.Debug|Any CPU.ActiveCfg = Debug|Any CPU
		{1D8C19EA-52A5-466B-9853-0E69623F1737}.Debug|Any CPU.Build.0 = Debug|Any CPU
		{1D8C19EA-52A5-466B-9853-0E69623F1737}.Release|Any CPU.ActiveCfg = Release|Any CPU
		{1D8C19EA-52A5-466B-9853-0E69623F1737}.Release|Any CPU.Build.0 = Release|Any CPU
	EndGlobalSection
	GlobalSection(SolutionProperties) = preSolution
		HideSolutionNode = FALSE
	EndGlobalSection
	GlobalSection(ExtensibilityGlobals) = postSolution
		SolutionGuid = {F3D97CE7-09AE-46A8-9144-F826379ED054}
	EndGlobalSection
EndGlobal
